
Microsoft Visual Studio Solution File, Format Version 12.00
# Visual Studio 15
VisualStudioVersion = 15.0.28307.271
MinimumVisualStudioVersion = 10.0.40219.1
Project("{FAE04EC0-301F-11D3-BF4B-00C04F79EFBC}") = "Assembler", "Sorter\Assembler.csproj", "{A147F90E-CDEC-49F6-81BE-F2B77DE11622}"
EndProject
Global
	GlobalSection(SolutionConfigurationPlatforms) = preSolution
		Debug|Any CPU = Debug|Any CPU
		Release|Any CPU = Release|Any CPU
	EndGlobalSection
	GlobalSection(ProjectConfigurationPlatforms) = postSolution
		{A147F90E-CDEC-49F6-81BE-F2B77DE11622}.Debug|Any CPU.ActiveCfg = Debug|Any CPU
		{A147F90E-CDEC-49F6-81BE-F2B77DE11622}.Debug|Any CPU.Build.0 = Debug|Any CPU
		{A147F90E-CDEC-49F6-81BE-F2B77DE11622}.Release|Any CPU.ActiveCfg = Release|Any CPU
		{A147F90E-CDEC-49F6-81BE-F2B77DE11622}.Release|Any CPU.Build.0 = Release|Any CPU
	EndGlobalSection
	GlobalSection(SolutionProperties) = preSolution
		HideSolutionNode = FALSE
	EndGlobalSection
	GlobalSection(ExtensibilityGlobals) = postSolution
		SolutionGuid = {5BB066EA-5D53-47A6-ABC4-283CBA63D084}
	EndGlobalSection
EndGlobal
